# This file is autogenerated, do not edit; changes may be undone by the next 'dep ensure'.


[[projects]]
  branch = "master"
  digest = "1:d4d8eb32d553bdf9e802f4f77d7f8db3a11faefc656010f1ef53ac7cede26631"
  name = "github.com/DataDog/mmh3"
  packages = ["."]
  pruneopts = "UT"
  revision = "6574a4241c5250712174e75a1042b4595124889e"

[solve-meta]
  analyzer-name = "dep"
  analyzer-version = 1
  input-imports = ["github.com/DataDog/mmh3"]
  solver-name = "gps-cdcl"
  solver-version = 1
